
Microsoft Visual Studio Solution File, Format Version 12.00
# Visual Studio 15
VisualStudioVersion = 15.0.26730.12
MinimumVisualStudioVersion = 10.0.40219.1
Project("{FAE04EC0-301F-11D3-BF4B-00C04F79EFBC}") = "SigningIn_DatabaseV2", "SigningIn_DatabaseV2\SigningIn_DatabaseV2.csproj", "{1A4528D0-BBF6-4DE7-A9AB-D42D85B1AFB6}"
EndProject
Global
	GlobalSection(SolutionConfigurationPlatforms) = preSolution
		Debug|Any CPU = Debug|Any CPU
		Release|Any CPU = Release|Any CPU
	EndGlobalSection
	GlobalSection(ProjectConfigurationPlatforms) = postSolution
		{1A4528D0-BBF6-4DE7-A9AB-D42D85B1AFB6}.Debug|Any CPU.ActiveCfg = Debug|Any CPU
		{1A4528D0-BBF6-4DE7-A9AB-D42D85B1AFB6}.Debug|Any CPU.Build.0 = Debug|Any CPU
		{1A4528D0-BBF6-4DE7-A9AB-D42D85B1AFB6}.Release|Any CPU.ActiveCfg = Release|Any CPU
		{1A4528D0-BBF6-4DE7-A9AB-D42D85B1AFB6}.Release|Any CPU.Build.0 = Release|Any CPU
	EndGlobalSection
	GlobalSection(SolutionProperties) = preSolution
		HideSolutionNode = FALSE
	EndGlobalSection
	GlobalSection(ExtensibilityGlobals) = postSolution
		SolutionGuid = {D778442A-AA9D-453D-BC0B-A0ECE4ADAC24}
	EndGlobalSection
EndGlobal
